
Microsoft Visual Studio Solution File, Format Version 12.00
# Visual Studio Version 17
VisualStudioVersion = 17.11.35312.102
MinimumVisualStudioVersion = 10.0.40219.1
Project("{9A19103F-16F7-4668-BE54-9A1E7A4F7556}") = "Tyuiu.EvseevEI.Sprint5.Task0.V19.Lib", "Tyuiu.EvseevEI.Sprint5.Task0.V19.Lib\Tyuiu.EvseevEI.Sprint5.Task0.V19.Lib.csproj", "{609983FE-EC5A-4A4E-9F9B-E469C116F02D}"
EndProject
Project("{2150E333-8FDC-42A3-9474-1A3956D46DE8}") = "TAsk0", "TAsk0", "{64D4B419-6E63-41DC-B47D-982413C79379}"
EndProject
Project("{9A19103F-16F7-4668-BE54-9A1E7A4F7556}") = "Tyuiu.EvseevEI.Sprint5.Task0.V19", "Tyuiu.EvseevEI.Sprint5.Task0.V19\Tyuiu.EvseevEI.Sprint5.Task0.V19.csproj", "{33F58730-9D89-4BB8-A62B-D020EBC8DA35}"
EndProject
Project("{9A19103F-16F7-4668-BE54-9A1E7A4F7556}") = "Tyuiu.EvseevEI.Sprint5.Task0.V19.Test", "Tyuiu.EvseevEI.Sprint5.Task0.V19.Test\Tyuiu.EvseevEI.Sprint5.Task0.V19.Test.csproj", "{35005A03-7F0A-462A-9E82-3983B2988FAE}"
EndProject
Project("{2150E333-8FDC-42A3-9474-1A3956D46DE8}") = "Task1", "Task1", "{860F4B61-2D2C-469F-A728-3CCDEE2370E9}"
EndProject
Project("{9A19103F-16F7-4668-BE54-9A1E7A4F7556}") = "Tyuiu.EvseevEI.Sprint5.Task1.V1", "Tyuiu.EvseevEI.Sprint5.Task1.V1\Tyuiu.EvseevEI.Sprint5.Task1.V1.csproj", "{7E24C14E-12C2-4040-8389-1A85B23730D8}"
EndProject
Project("{9A19103F-16F7-4668-BE54-9A1E7A4F7556}") = "Tyuiu.EvseevEI.Sprint5.Task1.V1.Test", "Tyuiu.EvseevEI.Sprint5.Task1.V1.Test\Tyuiu.EvseevEI.Sprint5.Task1.V1.Test.csproj", "{BF79847E-6A28-4E06-B612-7D4B493FF01E}"
EndProject
Project("{9A19103F-16F7-4668-BE54-9A1E7A4F7556}") = "Tyuiu.EvseevEI.Sprint5.Task1.V1.Lib", "Tyuiu.EvseevEI.Sprint5.Task1.V1.Lib\Tyuiu.EvseevEI.Sprint5.Task1.V1.Lib.csproj", "{583535E5-E0C1-4214-8FF5-4EEB0A1580F5}"
EndProject
Project("{2150E333-8FDC-42A3-9474-1A3956D46DE8}") = "Task2", "Task2", "{A2C87272-CB04-46B3-BDC0-EC970C2E0F59}"
EndProject
Project("{9A19103F-16F7-4668-BE54-9A1E7A4F7556}") = "Tyuiu.EvseevEI.Sprint5.Task2.V1", "Tyuiu.EvseevEI.Sprint5.Task2.V1\Tyuiu.EvseevEI.Sprint5.Task2.V1.csproj", "{A44DE702-C8C3-4E5E-93FC-8AEEDE5A9471}"
EndProject
Project("{9A19103F-16F7-4668-BE54-9A1E7A4F7556}") = "Tyuiu.EvseevEI.Sprint5.Task2.V1.Test", "Tyuiu.EvseevEI.Sprint5.Task2.V1.Test\Tyuiu.EvseevEI.Sprint5.Task2.V1.Test.csproj", "{8233793E-A451-4291-B0B3-6C8245FCCF6E}"
EndProject
Project("{9A19103F-16F7-4668-BE54-9A1E7A4F7556}") = "Tyuiu.EvseevEI.Sprint5.Task2.V1.Lib", "Tyuiu.EvseevEI.Sprint5.Task2.V1.Lib\Tyuiu.EvseevEI.Sprint5.Task2.V1.Lib.csproj", "{2126464D-CA11-465D-96EA-B667146903D8}"
EndProject
Project("{2150E333-8FDC-42A3-9474-1A3956D46DE8}") = "Task3", "Task3", "{51C4D6D0-CEFA-43BC-AF71-763DF25F5D50}"
EndProject
Project("{9A19103F-16F7-4668-BE54-9A1E7A4F7556}") = "Tyuiu.EvseevEI.Sprint5.Task3.V23", "Tyuiu.EvseevEI.Sprint5.Task3.V23\Tyuiu.EvseevEI.Sprint5.Task3.V23.csproj", "{1CB8687A-BF4E-4F35-BFE5-319F8EAAA176}"
EndProject
Project("{9A19103F-16F7-4668-BE54-9A1E7A4F7556}") = "Tyuiu.EvseevEI.Sprint5.Task3.V23.Test", "Tyuiu.EvseevEI.Sprint5.Task3.V23.Test\Tyuiu.EvseevEI.Sprint5.Task3.V23.Test.csproj", "{89D85BA4-C48A-407A-B0D5-B7507F7F2FBD}"
EndProject
Project("{9A19103F-16F7-4668-BE54-9A1E7A4F7556}") = "Tyuiu.EvseevEI.Sprint5.Task3.V23.Lib", "Tyuiu.EvseevEI.Sprint5.Task3.V23.Lib\Tyuiu.EvseevEI.Sprint5.Task3.V23.Lib.csproj", "{AA52C7FB-4687-499D-8FB5-B5590BCEE6DF}"
EndProject
Project("{2150E333-8FDC-42A3-9474-1A3956D46DE8}") = "Task4", "Task4", "{1E509E11-2B68-41A3-BEA4-3D602FFD7A47}"
EndProject
Project("{FAE04EC0-301F-11D3-BF4B-00C04F79EFBC}") = "Tyuiu.EvseevEI.Sprint5.Task4.V1", "Tyuiu.EvseevEI.Sprint5.Task4.V1\Tyuiu.EvseevEI.Sprint5.Task4.V1.csproj", "{C29725AE-E133-4E93-9713-DBB1FFB0DF37}"
EndProject
Project("{FAE04EC0-301F-11D3-BF4B-00C04F79EFBC}") = "Tyuiu.EvseevEI.Sprint5.Task4.V1.Test", "Tyuiu.EvseevEI.Sprint5.Task4.V1.Test\Tyuiu.EvseevEI.Sprint5.Task4.V1.Test.csproj", "{99BDD216-A30C-41C1-ADED-FF3EEBB1CF70}"
EndProject
Project("{FAE04EC0-301F-11D3-BF4B-00C04F79EFBC}") = "Tyuiu.EvseevEI.Sprint5.Task4.V1.Lib", "Tyuiu.EvseevEI.Sprint5.Task4.V1.Lib\Tyuiu.EvseevEI.Sprint5.Task4.V1.Lib.csproj", "{2EC58E43-3274-4B99-B975-A6A3AB83241D}"
EndProject
Project("{2150E333-8FDC-42A3-9474-1A3956D46DE8}") = "Task5", "Task5", "{518D1249-1BD7-4BC5-89B1-01880BD4F127}"
EndProject
Project("{FAE04EC0-301F-11D3-BF4B-00C04F79EFBC}") = "Tyuiu.EvseevEI.Sprint5.Task5.V12", "Tyuiu.EvseevEI.Sprint5.Task5.V12\Tyuiu.EvseevEI.Sprint5.Task5.V12.csproj", "{63574B6A-1AA2-4011-ACAF-A13B0AFBAED5}"
EndProject
Project("{FAE04EC0-301F-11D3-BF4B-00C04F79EFBC}") = "Tyuiu.EvseevEI.Sprint5.Task5.V12.Test", "Tyuiu.EvseevEI.Sprint5.Task5.V12.Test\Tyuiu.EvseevEI.Sprint5.Task5.V12.Test.csproj", "{7E1A3E62-BCD6-43C7-90F9-2EEB699D087E}"
EndProject
Project("{FAE04EC0-301F-11D3-BF4B-00C04F79EFBC}") = "Tyuiu.EvseevEI.Sprint5.Task5.V12.Lib", "Tyuiu.EvseevEI.Sprint5.Task5.V12.Lib\Tyuiu.EvseevEI.Sprint5.Task5.V12.Lib.csproj", "{7489EB4E-7CC9-4814-B39E-354792B81B58}"
EndProject
Project("{2150E333-8FDC-42A3-9474-1A3956D46DE8}") = "Task6", "Task6", "{945E4798-CECC-4AFD-8DA9-5BF7B462E557}"
EndProject
Project("{FAE04EC0-301F-11D3-BF4B-00C04F79EFBC}") = "Tyuiu.EvseevEI.Sprint5.Task6.V2", "Tyuiu.EvseevEI.Sprint5.Task6.V2\Tyuiu.EvseevEI.Sprint5.Task6.V2.csproj", "{4406A5EF-0790-49AD-ABA8-A81AA1998C24}"
EndProject
Project("{FAE04EC0-301F-11D3-BF4B-00C04F79EFBC}") = "Tyuiu.EvseevEI.Sprint5.Task6.V2.Test", "Tyuiu.EvseevEI.Sprint5.Task6.V2.Test\Tyuiu.EvseevEI.Sprint5.Task6.V2.Test.csproj", "{DB3A680A-B21F-458E-A642-A96ED163B16D}"
EndProject
Project("{FAE04EC0-301F-11D3-BF4B-00C04F79EFBC}") = "Tyuiu.EvseevEI.Sprint5.Task6.V2.Lib", "Tyuiu.EvseevEI.Sprint5.Task6.V2.Lib\Tyuiu.EvseevEI.Sprint5.Task6.V2.Lib.csproj", "{3B8B3AC3-AE81-454E-81E9-DDCC961D75B2}"
EndProject
Project("{2150E333-8FDC-42A3-9474-1A3956D46DE8}") = "Task7", "Task7", "{69391EB4-C3CC-41EF-B319-CDD07B007A6D}"
EndProject
Project("{FAE04EC0-301F-11D3-BF4B-00C04F79EFBC}") = "Tyuiu.EvseevEI.Sprint5.Task7.V22", "Tyuiu.EvseevEI.Sprint5.Task7.V22\Tyuiu.EvseevEI.Sprint5.Task7.V22.csproj", "{C81E9703-5C5B-40F3-9180-D890162EF6BF}"
EndProject
Project("{FAE04EC0-301F-11D3-BF4B-00C04F79EFBC}") = "Tyuiu.EvseevEI.Sprint5.Task7.V22.Test", "Tyuiu.EvseevEI.Sprint5.Task7.V22.Test\Tyuiu.EvseevEI.Sprint5.Task7.V22.Test.csproj", "{A0E1AAAC-D578-42D7-ADF8-F1A70982E3B0}"
EndProject
Project("{FAE04EC0-301F-11D3-BF4B-00C04F79EFBC}") = "Tyuiu.EvseevEI.Sprint5.Task7.V22.Lib", "Tyuiu.EvseevEI.Sprint5.Task7.V22.Lib\Tyuiu.EvseevEI.Sprint5.Task7.V22.Lib.csproj", "{62CE5548-409E-4636-BCB3-63B4CD7F4065}"
EndProject
Global
	GlobalSection(SolutionConfigurationPlatforms) = preSolution
		Debug|Any CPU = Debug|Any CPU
		Release|Any CPU = Release|Any CPU
	EndGlobalSection
	GlobalSection(ProjectConfigurationPlatforms) = postSolution
		{609983FE-EC5A-4A4E-9F9B-E469C116F02D}.Debug|Any CPU.ActiveCfg = Debug|Any CPU
		{609983FE-EC5A-4A4E-9F9B-E469C116F02D}.Debug|Any CPU.Build.0 = Debug|Any CPU
		{609983FE-EC5A-4A4E-9F9B-E469C116F02D}.Release|Any CPU.ActiveCfg = Release|Any CPU
		{609983FE-EC5A-4A4E-9F9B-E469C116F02D}.Release|Any CPU.Build.0 = Release|Any CPU
		{33F58730-9D89-4BB8-A62B-D020EBC8DA35}.Debug|Any CPU.ActiveCfg = Debug|Any CPU
		{33F58730-9D89-4BB8-A62B-D020EBC8DA35}.Debug|Any CPU.Build.0 = Debug|Any CPU
		{33F58730-9D89-4BB8-A62B-D020EBC8DA35}.Release|Any CPU.ActiveCfg = Release|Any CPU
		{33F58730-9D89-4BB8-A62B-D020EBC8DA35}.Release|Any CPU.Build.0 = Release|Any CPU
		{35005A03-7F0A-462A-9E82-3983B2988FAE}.Debug|Any CPU.ActiveCfg = Debug|Any CPU
		{35005A03-7F0A-462A-9E82-3983B2988FAE}.Debug|Any CPU.Build.0 = Debug|Any CPU
		{35005A03-7F0A-462A-9E82-3983B2988FAE}.Release|Any CPU.ActiveCfg = Release|Any CPU
		{35005A03-7F0A-462A-9E82-3983B2988FAE}.Release|Any CPU.Build.0 = Release|Any CPU
		{7E24C14E-12C2-4040-8389-1A85B23730D8}.Debug|Any CPU.ActiveCfg = Debug|Any CPU
		{7E24C14E-12C2-4040-8389-1A85B23730D8}.Debug|Any CPU.Build.0 = Debug|Any CPU
		{7E24C14E-12C2-4040-8389-1A85B23730D8}.Release|Any CPU.ActiveCfg = Release|Any CPU
		{7E24C14E-12C2-4040-8389-1A85B23730D8}.Release|Any CPU.Build.0 = Release|Any CPU
		{BF79847E-6A28-4E06-B612-7D4B493FF01E}.Debug|Any CPU.ActiveCfg = Debug|Any CPU
		{BF79847E-6A28-4E06-B612-7D4B493FF01E}.Debug|Any CPU.Build.0 = Debug|Any CPU
		{BF79847E-6A28-4E06-B612-7D4B493FF01E}.Release|Any CPU.ActiveCfg = Release|Any CPU
		{BF79847E-6A28-4E06-B612-7D4B493FF01E}.Release|Any CPU.Build.0 = Release|Any CPU
		{583535E5-E0C1-4214-8FF5-4EEB0A1580F5}.Debug|Any CPU.ActiveCfg = Debug|Any CPU
		{583535E5-E0C1-4214-8FF5-4EEB0A1580F5}.Debug|Any CPU.Build.0 = Debug|Any CPU
		{583535E5-E0C1-4214-8FF5-4EEB0A1580F5}.Release|Any CPU.ActiveCfg = Release|Any CPU
		{583535E5-E0C1-4214-8FF5-4EEB0A1580F5}.Release|Any CPU.Build.0 = Release|Any CPU
		{A44DE702-C8C3-4E5E-93FC-8AEEDE5A9471}.Debug|Any CPU.ActiveCfg = Debug|Any CPU
		{A44DE702-C8C3-4E5E-93FC-8AEEDE5A9471}.Debug|Any CPU.Build.0 = Debug|Any CPU
		{A44DE702-C8C3-4E5E-93FC-8AEEDE5A9471}.Release|Any CPU.ActiveCfg = Release|Any CPU
		{A44DE702-C8C3-4E5E-93FC-8AEEDE5A9471}.Release|Any CPU.Build.0 = Release|Any CPU
		{8233793E-A451-4291-B0B3-6C8245FCCF6E}.Debug|Any CPU.ActiveCfg = Debug|Any CPU
		{8233793E-A451-4291-B0B3-6C8245FCCF6E}.Debug|Any CPU.Build.0 = Debug|Any CPU
		{8233793E-A451-4291-B0B3-6C8245FCCF6E}.Release|Any CPU.ActiveCfg = Release|Any CPU
		{8233793E-A451-4291-B0B3-6C8245FCCF6E}.Release|Any CPU.Build.0 = Release|Any CPU
		{2126464D-CA11-465D-96EA-B667146903D8}.Debug|Any CPU.ActiveCfg = Debug|Any CPU
		{2126464D-CA11-465D-96EA-B667146903D8}.Debug|Any CPU.Build.0 = Debug|Any CPU
		{2126464D-CA11-465D-96EA-B667146903D8}.Release|Any CPU.ActiveCfg = Release|Any CPU
		{2126464D-CA11-465D-96EA-B667146903D8}.Release|Any CPU.Build.0 = Release|Any CPU
		{1CB8687A-BF4E-4F35-BFE5-319F8EAAA176}.Debug|Any CPU.ActiveCfg = Debug|Any CPU
		{1CB8687A-BF4E-4F35-BFE5-319F8EAAA176}.Debug|Any CPU.Build.0 = Debug|Any CPU
		{1CB8687A-BF4E-4F35-BFE5-319F8EAAA176}.Release|Any CPU.ActiveCfg = Release|Any CPU
		{1CB8687A-BF4E-4F35-BFE5-319F8EAAA176}.Release|Any CPU.Build.0 = Release|Any CPU
		{89D85BA4-C48A-407A-B0D5-B7507F7F2FBD}.Debug|Any CPU.ActiveCfg = Debug|Any CPU
		{89D85BA4-C48A-407A-B0D5-B7507F7F2FBD}.Debug|Any CPU.Build.0 = Debug|Any CPU
		{89D85BA4-C48A-407A-B0D5-B7507F7F2FBD}.Release|Any CPU.ActiveCfg = Release|Any CPU
		{89D85BA4-C48A-407A-B0D5-B7507F7F2FBD}.Release|Any CPU.Build.0 = Release|Any CPU
		{AA52C7FB-4687-499D-8FB5-B5590BCEE6DF}.Debug|Any CPU.ActiveCfg = Debug|Any CPU
		{AA52C7FB-4687-499D-8FB5-B5590BCEE6DF}.Debug|Any CPU.Build.0 = Debug|Any CPU
		{AA52C7FB-4687-499D-8FB5-B5590BCEE6DF}.Release|Any CPU.ActiveCfg = Release|Any CPU
		{AA52C7FB-4687-499D-8FB5-B5590BCEE6DF}.Release|Any CPU.Build.0 = Release|Any CPU
		{C29725AE-E133-4E93-9713-DBB1FFB0DF37}.Debug|Any CPU.ActiveCfg = Debug|Any CPU
		{C29725AE-E133-4E93-9713-DBB1FFB0DF37}.Debug|Any CPU.Build.0 = Debug|Any CPU
		{C29725AE-E133-4E93-9713-DBB1FFB0DF37}.Release|Any CPU.ActiveCfg = Release|Any CPU
		{C29725AE-E133-4E93-9713-DBB1FFB0DF37}.Release|Any CPU.Build.0 = Release|Any CPU
		{99BDD216-A30C-41C1-ADED-FF3EEBB1CF70}.Debug|Any CPU.ActiveCfg = Debug|Any CPU
		{99BDD216-A30C-41C1-ADED-FF3EEBB1CF70}.Debug|Any CPU.Build.0 = Debug|Any CPU
		{99BDD216-A30C-41C1-ADED-FF3EEBB1CF70}.Release|Any CPU.ActiveCfg = Release|Any CPU
		{99BDD216-A30C-41C1-ADED-FF3EEBB1CF70}.Release|Any CPU.Build.0 = Release|Any CPU
		{2EC58E43-3274-4B99-B975-A6A3AB83241D}.Debug|Any CPU.ActiveCfg = Debug|Any CPU
		{2EC58E43-3274-4B99-B975-A6A3AB83241D}.Debug|Any CPU.Build.0 = Debug|Any CPU
		{2EC58E43-3274-4B99-B975-A6A3AB83241D}.Release|Any CPU.ActiveCfg = Release|Any CPU
		{2EC58E43-3274-4B99-B975-A6A3AB83241D}.Release|Any CPU.Build.0 = Release|Any CPU
		{63574B6A-1AA2-4011-ACAF-A13B0AFBAED5}.Debug|Any CPU.ActiveCfg = Debug|Any CPU
		{63574B6A-1AA2-4011-ACAF-A13B0AFBAED5}.Debug|Any CPU.Build.0 = Debug|Any CPU
		{63574B6A-1AA2-4011-ACAF-A13B0AFBAED5}.Release|Any CPU.ActiveCfg = Release|Any CPU
		{63574B6A-1AA2-4011-ACAF-A13B0AFBAED5}.Release|Any CPU.Build.0 = Release|Any CPU
		{7E1A3E62-BCD6-43C7-90F9-2EEB699D087E}.Debug|Any CPU.ActiveCfg = Debug|Any CPU
		{7E1A3E62-BCD6-43C7-90F9-2EEB699D087E}.Debug|Any CPU.Build.0 = Debug|Any CPU
		{7E1A3E62-BCD6-43C7-90F9-2EEB699D087E}.Release|Any CPU.ActiveCfg = Release|Any CPU
		{7E1A3E62-BCD6-43C7-90F9-2EEB699D087E}.Release|Any CPU.Build.0 = Release|Any CPU
		{7489EB4E-7CC9-4814-B39E-354792B81B58}.Debug|Any CPU.ActiveCfg = Debug|Any CPU
		{7489EB4E-7CC9-4814-B39E-354792B81B58}.Debug|Any CPU.Build.0 = Debug|Any CPU
		{7489EB4E-7CC9-4814-B39E-354792B81B58}.Release|Any CPU.ActiveCfg = Release|Any CPU
		{7489EB4E-7CC9-4814-B39E-354792B81B58}.Release|Any CPU.Build.0 = Release|Any CPU
		{4406A5EF-0790-49AD-ABA8-A81AA1998C24}.Debug|Any CPU.ActiveCfg = Debug|Any CPU
		{4406A5EF-0790-49AD-ABA8-A81AA1998C24}.Debug|Any CPU.Build.0 = Debug|Any CPU
		{4406A5EF-0790-49AD-ABA8-A81AA1998C24}.Release|Any CPU.ActiveCfg = Release|Any CPU
		{4406A5EF-0790-49AD-ABA8-A81AA1998C24}.Release|Any CPU.Build.0 = Release|Any CPU
		{DB3A680A-B21F-458E-A642-A96ED163B16D}.Debug|Any CPU.ActiveCfg = Debug|Any CPU
		{DB3A680A-B21F-458E-A642-A96ED163B16D}.Debug|Any CPU.Build.0 = Debug|Any CPU
		{DB3A680A-B21F-458E-A642-A96ED163B16D}.Release|Any CPU.ActiveCfg = Release|Any CPU
		{DB3A680A-B21F-458E-A642-A96ED163B16D}.Release|Any CPU.Build.0 = Release|Any CPU
		{3B8B3AC3-AE81-454E-81E9-DDCC961D75B2}.Debug|Any CPU.ActiveCfg = Debug|Any CPU
		{3B8B3AC3-AE81-454E-81E9-DDCC961D75B2}.Debug|Any CPU.Build.0 = Debug|Any CPU
		{3B8B3AC3-AE81-454E-81E9-DDCC961D75B2}.Release|Any CPU.ActiveCfg = Release|Any CPU
		{3B8B3AC3-AE81-454E-81E9-DDCC961D75B2}.Release|Any CPU.Build.0 = Release|Any CPU
		{C81E9703-5C5B-40F3-9180-D890162EF6BF}.Debug|Any CPU.ActiveCfg = Debug|Any CPU
		{C81E9703-5C5B-40F3-9180-D890162EF6BF}.Debug|Any CPU.Build.0 = Debug|Any CPU
		{C81E9703-5C5B-40F3-9180-D890162EF6BF}.Release|Any CPU.ActiveCfg = Release|Any CPU
		{C81E9703-5C5B-40F3-9180-D890162EF6BF}.Release|Any CPU.Build.0 = Release|Any CPU
		{A0E1AAAC-D578-42D7-ADF8-F1A70982E3B0}.Debug|Any CPU.ActiveCfg = Debug|Any CPU
		{A0E1AAAC-D578-42D7-ADF8-F1A70982E3B0}.Debug|Any CPU.Build.0 = Debug|Any CPU
		{A0E1AAAC-D578-42D7-ADF8-F1A70982E3B0}.Release|Any CPU.ActiveCfg = Release|Any CPU
		{A0E1AAAC-D578-42D7-ADF8-F1A70982E3B0}.Release|Any CPU.Build.0 = Release|Any CPU
		{62CE5548-409E-4636-BCB3-63B4CD7F4065}.Debug|Any CPU.ActiveCfg = Debug|Any CPU
		{62CE5548-409E-4636-BCB3-63B4CD7F4065}.Debug|Any CPU.Build.0 = Debug|Any CPU
		{62CE5548-409E-4636-BCB3-63B4CD7F4065}.Release|Any CPU.ActiveCfg = Release|Any CPU
		{62CE5548-409E-4636-BCB3-63B4CD7F4065}.Release|Any CPU.Build.0 = Release|Any CPU
	EndGlobalSection
	GlobalSection(SolutionProperties) = preSolution
		HideSolutionNode = FALSE
	EndGlobalSection
	GlobalSection(NestedProjects) = preSolution
		{609983FE-EC5A-4A4E-9F9B-E469C116F02D} = {64D4B419-6E63-41DC-B47D-982413C79379}
		{33F58730-9D89-4BB8-A62B-D020EBC8DA35} = {64D4B419-6E63-41DC-B47D-982413C79379}
		{35005A03-7F0A-462A-9E82-3983B2988FAE} = {64D4B419-6E63-41DC-B47D-982413C79379}
		{7E24C14E-12C2-4040-8389-1A85B23730D8} = {860F4B61-2D2C-469F-A728-3CCDEE2370E9}
		{BF79847E-6A28-4E06-B612-7D4B493FF01E} = {860F4B61-2D2C-469F-A728-3CCDEE2370E9}
		{583535E5-E0C1-4214-8FF5-4EEB0A1580F5} = {860F4B61-2D2C-469F-A728-3CCDEE2370E9}
		{A44DE702-C8C3-4E5E-93FC-8AEEDE5A9471} = {A2C87272-CB04-46B3-BDC0-EC970C2E0F59}
		{8233793E-A451-4291-B0B3-6C8245FCCF6E} = {A2C87272-CB04-46B3-BDC0-EC970C2E0F59}
		{2126464D-CA11-465D-96EA-B667146903D8} = {A2C87272-CB04-46B3-BDC0-EC970C2E0F59}
		{1CB8687A-BF4E-4F35-BFE5-319F8EAAA176} = {51C4D6D0-CEFA-43BC-AF71-763DF25F5D50}
		{89D85BA4-C48A-407A-B0D5-B7507F7F2FBD} = {51C4D6D0-CEFA-43BC-AF71-763DF25F5D50}
		{AA52C7FB-4687-499D-8FB5-B5590BCEE6DF} = {51C4D6D0-CEFA-43BC-AF71-763DF25F5D50}
		{C29725AE-E133-4E93-9713-DBB1FFB0DF37} = {1E509E11-2B68-41A3-BEA4-3D602FFD7A47}
		{99BDD216-A30C-41C1-ADED-FF3EEBB1CF70} = {1E509E11-2B68-41A3-BEA4-3D602FFD7A47}
		{2EC58E43-3274-4B99-B975-A6A3AB83241D} = {1E509E11-2B68-41A3-BEA4-3D602FFD7A47}
		{63574B6A-1AA2-4011-ACAF-A13B0AFBAED5} = {518D1249-1BD7-4BC5-89B1-01880BD4F127}
		{7E1A3E62-BCD6-43C7-90F9-2EEB699D087E} = {518D1249-1BD7-4BC5-89B1-01880BD4F127}
		{7489EB4E-7CC9-4814-B39E-354792B81B58} = {518D1249-1BD7-4BC5-89B1-01880BD4F127}
		{4406A5EF-0790-49AD-ABA8-A81AA1998C24} = {945E4798-CECC-4AFD-8DA9-5BF7B462E557}
		{DB3A680A-B21F-458E-A642-A96ED163B16D} = {945E4798-CECC-4AFD-8DA9-5BF7B462E557}
		{3B8B3AC3-AE81-454E-81E9-DDCC961D75B2} = {945E4798-CECC-4AFD-8DA9-5BF7B462E557}
		{C81E9703-5C5B-40F3-9180-D890162EF6BF} = {69391EB4-C3CC-41EF-B319-CDD07B007A6D}
		{A0E1AAAC-D578-42D7-ADF8-F1A70982E3B0} = {69391EB4-C3CC-41EF-B319-CDD07B007A6D}
		{62CE5548-409E-4636-BCB3-63B4CD7F4065} = {69391EB4-C3CC-41EF-B319-CDD07B007A6D}
	EndGlobalSection
	GlobalSection(ExtensibilityGlobals) = postSolution
		SolutionGuid = {C9CD7B62-3172-4533-A94E-76F2F7633588}
	EndGlobalSection
EndGlobal
